
Microsoft Visual Studio Solution File, Format Version 11.00
# Visual Studio 2010
Project("{FAE04EC0-301F-11D3-BF4B-00C04F79EFBC}") = "Operation_Game_Design", "Assembly-CSharp.csproj", "{DC123DBB-4AD9-E6CF-5BAF-AD95DC12591D}"
EndProject
Global
	GlobalSection(SolutionConfigurationPlatforms) = preSolution
		Debug|Any CPU = Debug|Any CPU
		Release|Any CPU = Release|Any CPU
	EndGlobalSection
	GlobalSection(ProjectConfigurationPlatforms) = postSolution
		{DC123DBB-4AD9-E6CF-5BAF-AD95DC12591D}.Debug|Any CPU.ActiveCfg = Debug|Any CPU
		{DC123DBB-4AD9-E6CF-5BAF-AD95DC12591D}.Debug|Any CPU.Build.0 = Debug|Any CPU
		{DC123DBB-4AD9-E6CF-5BAF-AD95DC12591D}.Release|Any CPU.ActiveCfg = Release|Any CPU
		{DC123DBB-4AD9-E6CF-5BAF-AD95DC12591D}.Release|Any CPU.Build.0 = Release|Any CPU
	EndGlobalSection
	GlobalSection(SolutionProperties) = preSolution
		HideSolutionNode = FALSE
	EndGlobalSection
	GlobalSection(MonoDevelopProperties) = preSolution
		StartupItem = Assembly-CSharp.csproj
	EndGlobalSection
EndGlobal
